
Microsoft Visual Studio Solution File, Format Version 12.00
# Visual Studio Version 17
VisualStudioVersion = 17.8.34525.116
MinimumVisualStudioVersion = 10.0.40219.1
Project("{2150E333-8FDC-42A3-9474-1A3956D46DE8}") = "Folder1", "Folder1", "{F29E50D9-D1E8-4CFC-8D5F-BB739147D326}"
	ProjectSection(SolutionItems) = preProject
		File1.txt = File1.txt
	EndProjectSection
EndProject
Global
	GlobalSection(SolutionProperties) = preSolution
		HideSolutionNode = FALSE
	EndGlobalSection
	GlobalSection(ExtensibilityGlobals) = postSolution
		SolutionGuid = {381977AD-530A-4266-AB67-DA66D8A7C44C}
	EndGlobalSection
EndGlobal
